PODS:
  - Alamofire (5.0.5)
  - FBSDKCoreKit (6.5.2):
    - FBSDKCoreKit/Basics (= 6.5.2)
    - FBSDKCoreKit/Core (= 6.5.2)
  - FBSDKCoreKit/Basics (6.5.2)
  - FBSDKCoreKit/Core (6.5.2):
    - FBSDKCoreKit/Basics
  - FBSDKLoginKit (6.5.2):
    - FBSDKLoginKit/Login (= 6.5.2)
  - FBSDKLoginKit/Login (6.5.2):
    - FBSDKCoreKit (~> 6.5.2)
  - iOSDropDown (0.3.4)
  - SwiftMessages (7.0.1):
    - SwiftMessages/App (= 7.0.1)
  - SwiftMessages/App (7.0.1)

DEPENDENCIES:
  - Alamofire (~> 5.0.0-rc.3)
  - FBSDKCoreKit
  - FBSDKLoginKit
  - iOSDropDown
  - SwiftMessages

SPEC REPOS:
  trunk:
    - Alamofire
    - FBSDKCoreKit
    - FBSDKLoginKit
    - iOSDropDown
    - SwiftMessages

SPEC CHECKSUMS:
  Alamofire: df2f8f826963b08b9a870791ad48e07a10090b2e
  FBSDKCoreKit: ada5c8a05188daefc9addb985c52b8a1b26da519
  FBSDKLoginKit: caa165495afa29a12324cb2307fe6e5b33783142
  iOSDropDown: c10a761f9a00c3f1cc9d3bce43ae504628e2f692
  SwiftMessages: b577dc7043be8b299857ab35bb663dbff6483bd0

PODFILE CHECKSUM: 130c8b89af1c8c47bb726dcab36b82299e37a554

COCOAPODS: 1.9.1
