PODS:
  - SwiftMessages (7.0.1):
    - SwiftMessages/App (= 7.0.1)
  - SwiftMessages/App (7.0.1)

DEPENDENCIES:
  - SwiftMessages

SPEC REPOS:
  trunk:
    - SwiftMessages

SPEC CHECKSUMS:
  SwiftMessages: b577dc7043be8b299857ab35bb663dbff6483bd0

PODFILE CHECKSUM: 76cd29534e2ffbca5458e9327a256febdefc81b9

COCOAPODS: 1.8.4
