// !$*UTF8*$!
{
	archiveVersion = 1;
	classes = {
	};
	objectVersion = 51;
	objects = {

/* Begin PBXBuildFile section */
		08904C1096BDEBBBE6A04459 /* Pods_locaTests.framework in Frameworks */ = {isa = PBXBuildFile; fileRef = 5AF7294B8E53BB7098C1DCCE /* Pods_locaTests.framework */; };
		48542ABA5CEF5C8E06E68954 /* Pods_loca.framework in Frameworks */ = {isa = PBXBuildFile; fileRef = 3562539F9D37F1EBC9C17C04 /* Pods_loca.framework */; };
		8E02CA822449DE03006A4F3B /* SceneDelegate.swift in Sources */ = {isa = PBXBuildFile; fileRef = 8E02CA812449DE03006A4F3B /* SceneDelegate.swift */; };
		8E1AA9EA24A9F2DC00D550E5 /* SharedFunctions.swift in Sources */ = {isa = PBXBuildFile; fileRef = 8E1AA9E924A9F2DC00D550E5 /* SharedFunctions.swift */; };
		8E36650824A0A5940071B72B /* Router.swift in Sources */ = {isa = PBXBuildFile; fileRef = 8E36650624A0A5940071B72B /* Router.swift */; };
		8E36650924A0A5940071B72B /* RouterProtocol.swift in Sources */ = {isa = PBXBuildFile; fileRef = 8E36650724A0A5940071B72B /* RouterProtocol.swift */; };
		8E7192EF24401C5000DB814A /* AppDelegate.swift in Sources */ = {isa = PBXBuildFile; fileRef = 8E7192EE24401C5000DB814A /* AppDelegate.swift */; };
		8E7192F324401C5000DB814A /* ViewController.swift in Sources */ = {isa = PBXBuildFile; fileRef = 8E7192F224401C5000DB814A /* ViewController.swift */; };
		8E7192F624401C5000DB814A /* Main.storyboard in Resources */ = {isa = PBXBuildFile; fileRef = 8E7192F424401C5000DB814A /* Main.storyboard */; };
		8E7192F824401C5D00DB814A /* Assets.xcassets in Resources */ = {isa = PBXBuildFile; fileRef = 8E7192F724401C5D00DB814A /* Assets.xcassets */; };
		8E7192FB24401C5D00DB814A /* LaunchScreen.storyboard in Resources */ = {isa = PBXBuildFile; fileRef = 8E7192F924401C5D00DB814A /* LaunchScreen.storyboard */; };
		8E71930624401C5D00DB814A /* locaTests.swift in Sources */ = {isa = PBXBuildFile; fileRef = 8E71930524401C5D00DB814A /* locaTests.swift */; };
		8E71931124401C5D00DB814A /* locaUITests.swift in Sources */ = {isa = PBXBuildFile; fileRef = 8E71931024401C5D00DB814A /* locaUITests.swift */; };
		8E7A513C246981A100A7C716 /* ContactViewController.swift in Sources */ = {isa = PBXBuildFile; fileRef = 8E7A513B246981A100A7C716 /* ContactViewController.swift */; };
		8E7A513E246985C200A7C716 /* UITextViewExtension.swift in Sources */ = {isa = PBXBuildFile; fileRef = 8E7A513D246985C200A7C716 /* UITextViewExtension.swift */; };
		8E807BD3246A7F290002A6AC /* GradientView.swift in Sources */ = {isa = PBXBuildFile; fileRef = 8E807BD2246A7F290002A6AC /* GradientView.swift */; };
		8E86298A2460276B007A5C07 /* SignUpViewController.swift in Sources */ = {isa = PBXBuildFile; fileRef = 8E8629892460276B007A5C07 /* SignUpViewController.swift */; };
		8EC2606B2445E88600A1E842 /* Messages.swift in Sources */ = {isa = PBXBuildFile; fileRef = 8EC2606A2445E88600A1E842 /* Messages.swift */; };
		8EC361A42461576900F2F3EF /* ApartmentPreviewPhoto.xib in Resources */ = {isa = PBXBuildFile; fileRef = 8EC361A32461576800F2F3EF /* ApartmentPreviewPhoto.xib */; };
		8EC361A62461577B00F2F3EF /* ApartmentPhotoPreview.swift in Sources */ = {isa = PBXBuildFile; fileRef = 8EC361A52461577B00F2F3EF /* ApartmentPhotoPreview.swift */; };
		8EC361A82461603400F2F3EF /* String+extension.swift in Sources */ = {isa = PBXBuildFile; fileRef = 8EC361A72461603300F2F3EF /* String+extension.swift */; };
		8EC361AA2461603A00F2F3EF /* DateFormatter+extension.swift in Sources */ = {isa = PBXBuildFile; fileRef = 8EC361A92461603A00F2F3EF /* DateFormatter+extension.swift */; };
		8EC361AC2461604700F2F3EF /* Date+extension.swift in Sources */ = {isa = PBXBuildFile; fileRef = 8EC361AB2461604600F2F3EF /* Date+extension.swift */; };
		8ED3C6CC24699A1500A49530 /* HomeNavigationViewController.swift in Sources */ = {isa = PBXBuildFile; fileRef = 8ED3C6CB24699A1400A49530 /* HomeNavigationViewController.swift */; };
		8EDF588A248F685F0004AC6B /* VerifyPhoneViewController.swift in Sources */ = {isa = PBXBuildFile; fileRef = 8EDF5889248F685F0004AC6B /* VerifyPhoneViewController.swift */; };
		8EE37B8E2467BF3B0094CE6B /* UpdateAccountPassViewController.swift in Sources */ = {isa = PBXBuildFile; fileRef = 8EE37B8D2467BF3B0094CE6B /* UpdateAccountPassViewController.swift */; };
		8EF804382488EF4700F425E7 /* GoogleSigninViewController.swift in Sources */ = {isa = PBXBuildFile; fileRef = 8EF804372488EF4700F425E7 /* GoogleSigninViewController.swift */; };
		E31EBBCA5BF0C0966847A0B5 /* Pods_loca_locaUITests.framework in Frameworks */ = {isa = PBXBuildFile; fileRef = 738153B7F32CBDE99EBFF57A /* Pods_loca_locaUITests.framework */; };
		E80049D0246F8E4600AAD711 /* ListView.swift in Sources */ = {isa = PBXBuildFile; fileRef = E80049CF246F8E4600AAD711 /* ListView.swift */; };
		E8165DFF247E6D0F009666BC /* SocialMediaApiProtocol.swift in Sources */ = {isa = PBXBuildFile; fileRef = E8165DFE247E6D0F009666BC /* SocialMediaApiProtocol.swift */; };
		E8165E02247E7263009666BC /* SocialMediaApiModel.swift in Sources */ = {isa = PBXBuildFile; fileRef = E8165E01247E7263009666BC /* SocialMediaApiModel.swift */; };
		E816E4D1246596D10042BE48 /* PostCreationBasicViewController.swift in Sources */ = {isa = PBXBuildFile; fileRef = E816E4D0246596D10042BE48 /* PostCreationBasicViewController.swift */; };
		E8315D3F245B00180022D4A7 /* SignIn.xib in Resources */ = {isa = PBXBuildFile; fileRef = E8315D3E245B00180022D4A7 /* SignIn.xib */; };
		E8315D44245B0D6E0022D4A7 /* SignInMessage.swift in Sources */ = {isa = PBXBuildFile; fileRef = E8315D43245B0D6E0022D4A7 /* SignInMessage.swift */; };
		E84FD1C8245D01D400E10507 /* AppConstants.swift in Sources */ = {isa = PBXBuildFile; fileRef = E84FD1C7245D01D400E10507 /* AppConstants.swift */; };
		E84FD1CB245D068600E10507 /* ApartmentApiProtocol.swift in Sources */ = {isa = PBXBuildFile; fileRef = E84FD1CA245D068600E10507 /* ApartmentApiProtocol.swift */; };
		E84FD1CE245D085A00E10507 /* ApartmentModel.swift in Sources */ = {isa = PBXBuildFile; fileRef = E84FD1CD245D085A00E10507 /* ApartmentModel.swift */; };
		E84FD1D9245D21AA00E10507 /* Apartment.storyboard in Resources */ = {isa = PBXBuildFile; fileRef = E84FD1D8245D21AA00E10507 /* Apartment.storyboard */; };
		E84FD1DC245D21DA00E10507 /* ApartmentDetailViewController.swift in Sources */ = {isa = PBXBuildFile; fileRef = E84FD1DB245D21DA00E10507 /* ApartmentDetailViewController.swift */; };
		E84FD1DF245D282E00E10507 /* ApartmentDetail.swift in Sources */ = {isa = PBXBuildFile; fileRef = E84FD1DE245D282E00E10507 /* ApartmentDetail.swift */; };
		E8510F00245915B4004BE65A /* HomeViewController.swift in Sources */ = {isa = PBXBuildFile; fileRef = E8510EFF245915B4004BE65A /* HomeViewController.swift */; };
		E8510F04245922F4004BE65A /* AlamofireRequest.swift in Sources */ = {isa = PBXBuildFile; fileRef = E8510F03245922F4004BE65A /* AlamofireRequest.swift */; };
		E8510F072459252F004BE65A /* AppConfig.swift in Sources */ = {isa = PBXBuildFile; fileRef = E8510F062459252F004BE65A /* AppConfig.swift */; };
		E8510F1024592958004BE65A /* AccountApiProtocol .swift in Sources */ = {isa = PBXBuildFile; fileRef = E8510F0F24592958004BE65A /* AccountApiProtocol .swift */; };
		E8510F1424592B38004BE65A /* AcountModel.swift in Sources */ = {isa = PBXBuildFile; fileRef = E8510F1324592B38004BE65A /* AcountModel.swift */; };
		E8539CDB2477BA50005DF65F /* DateTimePicker.swift in Sources */ = {isa = PBXBuildFile; fileRef = E8539CDA2477BA50005DF65F /* DateTimePicker.swift */; };
		E8539CDE2477F2FE005DF65F /* PostManageListViewController.swift in Sources */ = {isa = PBXBuildFile; fileRef = E8539CDD2477F2FE005DF65F /* PostManageListViewController.swift */; };
		E85C0894245D601700D8F740 /* APCustomView.xib in Resources */ = {isa = PBXBuildFile; fileRef = E85C0893245D601700D8F740 /* APCustomView.xib */; };
		E85C0896245D601B00D8F740 /* APCustomView.swift in Sources */ = {isa = PBXBuildFile; fileRef = E85C0895245D601B00D8F740 /* APCustomView.swift */; };
		E85C4510245BCA5C0033CB53 /* UIViewExtension.swift in Sources */ = {isa = PBXBuildFile; fileRef = E85C450F245BCA5C0033CB53 /* UIViewExtension.swift */; };
		E85C4518245BDD910033CB53 /* TextValidation.swift in Sources */ = {isa = PBXBuildFile; fileRef = E85C4517245BDD910033CB53 /* TextValidation.swift */; };
		E85DCCE72463AC65009E516D /* ListViewItemCustom.swift in Sources */ = {isa = PBXBuildFile; fileRef = E85DCCE32463AC65009E516D /* ListViewItemCustom.swift */; };
		E85DCCE82463AC65009E516D /* ListViewCustom.swift in Sources */ = {isa = PBXBuildFile; fileRef = E85DCCE42463AC65009E516D /* ListViewCustom.swift */; };
		E85DCCE92463AC65009E516D /* ListViewItem.xib in Resources */ = {isa = PBXBuildFile; fileRef = E85DCCE52463AC65009E516D /* ListViewItem.xib */; };
		E85DCCEA2463AC65009E516D /* ListViewCustom.xib in Resources */ = {isa = PBXBuildFile; fileRef = E85DCCE62463AC65009E516D /* ListViewCustom.xib */; };
		E8648EFA2462CE7B00C132B8 /* PostCreationCameraViewController.swift in Sources */ = {isa = PBXBuildFile; fileRef = E8648EF92462CE7B00C132B8 /* PostCreationCameraViewController.swift */; };
		E8648EFC2462DB6F00C132B8 /* PostCreationAddInfoViewController.swift in Sources */ = {isa = PBXBuildFile; fileRef = E8648EFB2462DB6F00C132B8 /* PostCreationAddInfoViewController.swift */; };
		E86B068B245DB27D00F5D501 /* CustomIndicator.swift in Sources */ = {isa = PBXBuildFile; fileRef = E86B068A245DB27D00F5D501 /* CustomIndicator.swift */; };
		E86B68432459B3D700AF6659 /* MangeAccountViewController.swift in Sources */ = {isa = PBXBuildFile; fileRef = E86B68422459B3D700AF6659 /* MangeAccountViewController.swift */; };
		E870ED5D245EF83E00B9204A /* AccountSettingsTableViewCell.swift in Sources */ = {isa = PBXBuildFile; fileRef = E870ED5C245EF83E00B9204A /* AccountSettingsTableViewCell.swift */; };
		E87E10F524790B4F00307263 /* ApartmentPostList.swift in Sources */ = {isa = PBXBuildFile; fileRef = E87E10F424790B4F00307263 /* ApartmentPostList.swift */; };
		E8818B5C24643C40006F8D49 /* PostCreationCameraCollectionViewCell.swift in Sources */ = {isa = PBXBuildFile; fileRef = E8818B5B24643C40006F8D49 /* PostCreationCameraCollectionViewCell.swift */; };
		E894788E245E6D5100BA845E /* FilterViewController.swift in Sources */ = {isa = PBXBuildFile; fileRef = E894788D245E6D5100BA845E /* FilterViewController.swift */; };
		E8947890245E70F200BA845E /* DropDownExtension.swift in Sources */ = {isa = PBXBuildFile; fileRef = E894788F245E70F200BA845E /* DropDownExtension.swift */; };
		E8947894245E8B6800BA845E /* ProvinceAPIProtocol.swift in Sources */ = {isa = PBXBuildFile; fileRef = E8947893245E8B6800BA845E /* ProvinceAPIProtocol.swift */; };
		E8947896245E971D00BA845E /* UIViewControllerExtension.swift in Sources */ = {isa = PBXBuildFile; fileRef = E8947895245E971D00BA845E /* UIViewControllerExtension.swift */; };
		E8947898245E986800BA845E /* UIColorExtension.swift in Sources */ = {isa = PBXBuildFile; fileRef = E8947897245E986800BA845E /* UIColorExtension.swift */; };
		E899550B245930E800E65195 /* AlamofireStore.swift in Sources */ = {isa = PBXBuildFile; fileRef = E899550A245930E800E65195 /* AlamofireStore.swift */; };
		E89D55F22466E67D00917557 /* UpdateAccountNameViewController.swift in Sources */ = {isa = PBXBuildFile; fileRef = E89D55F12466E67D00917557 /* UpdateAccountNameViewController.swift */; };
		E89FAD5A246D68510020AFAE /* UIImage+extension.swift in Sources */ = {isa = PBXBuildFile; fileRef = E89FAD59246D68510020AFAE /* UIImage+extension.swift */; };
		E8B74A2B2464451C0093F5C1 /* PosCreationContactViewController.swift in Sources */ = {isa = PBXBuildFile; fileRef = E8B74A2A2464451C0093F5C1 /* PosCreationContactViewController.swift */; };
		E8C47C852464EDCD0046BB4F /* FloatingTextField.swift in Sources */ = {isa = PBXBuildFile; fileRef = E8C47C842464EDCD0046BB4F /* FloatingTextField.swift */; };
		E8C47C872465022C0046BB4F /* TransitionButton.swift in Sources */ = {isa = PBXBuildFile; fileRef = E8C47C862465022C0046BB4F /* TransitionButton.swift */; };
		E8C59BA124A600E4002F96CC /* ManagePostTableViewCell.swift in Sources */ = {isa = PBXBuildFile; fileRef = E8C59BA024A600E4002F96CC /* ManagePostTableViewCell.swift */; };
		E8C9DA0F246AB0B200BB8E26 /* ForgetPassViewController.swift in Sources */ = {isa = PBXBuildFile; fileRef = E8C9DA0E246AB0B200BB8E26 /* ForgetPassViewController.swift */; };
		E8EDDB81246176250099691B /* CreateApartmentPostViewController.swift in Sources */ = {isa = PBXBuildFile; fileRef = E8EDDB80246176250099691B /* CreateApartmentPostViewController.swift */; };
		E8EDDB83246178720099691B /* CreatePostTableViewCell.swift in Sources */ = {isa = PBXBuildFile; fileRef = E8EDDB82246178720099691B /* CreatePostTableViewCell.swift */; };
		E8EDDB8624618E980099691B /* PostCreationMapViewController.swift in Sources */ = {isa = PBXBuildFile; fileRef = E8EDDB8524618E980099691B /* PostCreationMapViewController.swift */; };
		E8EDDB88246193790099691B /* ApartmentPost.swift in Sources */ = {isa = PBXBuildFile; fileRef = E8EDDB87246193790099691B /* ApartmentPost.swift */; };
		E8EDDB8A246198C90099691B /* PostCreationDesViewController.swift in Sources */ = {isa = PBXBuildFile; fileRef = E8EDDB89246198C90099691B /* PostCreationDesViewController.swift */; };
/* End PBXBuildFile section */

/* Begin PBXContainerItemProxy section */
		8E71930224401C5D00DB814A /* PBXContainerItemProxy */ = {
			isa = PBXContainerItemProxy;
			containerPortal = 8E7192E324401C5000DB814A /* Project object */;
			proxyType = 1;
			remoteGlobalIDString = 8E7192EA24401C5000DB814A;
			remoteInfo = loca;
		};
		8E71930D24401C5D00DB814A /* PBXContainerItemProxy */ = {
			isa = PBXContainerItemProxy;
			containerPortal = 8E7192E324401C5000DB814A /* Project object */;
			proxyType = 1;
			remoteGlobalIDString = 8E7192EA24401C5000DB814A;
			remoteInfo = loca;
		};
/* End PBXContainerItemProxy section */

/* Begin PBXFileReference section */
		0649471F3332863F95C06533 /* Pods-loca.release.xcconfig */ = {isa = PBXFileReference; includeInIndex = 1; lastKnownFileType = text.xcconfig; name = "Pods-loca.release.xcconfig"; path = "Target Support Files/Pods-loca/Pods-loca.release.xcconfig"; sourceTree = "<group>"; };
		17740F70A558A1712E8EB938 /* Pods-locaTests.release.xcconfig */ = {isa = PBXFileReference; includeInIndex = 1; lastKnownFileType = text.xcconfig; name = "Pods-locaTests.release.xcconfig"; path = "Target Support Files/Pods-locaTests/Pods-locaTests.release.xcconfig"; sourceTree = "<group>"; };
		3562539F9D37F1EBC9C17C04 /* Pods_loca.framework */ = {isa = PBXFileReference; explicitFileType = wrapper.framework; includeInIndex = 0; path = Pods_loca.framework; sourceTree = BUILT_PRODUCTS_DIR; };
		5AF7294B8E53BB7098C1DCCE /* Pods_locaTests.framework */ = {isa = PBXFileReference; explicitFileType = wrapper.framework; includeInIndex = 0; path = Pods_locaTests.framework; sourceTree = BUILT_PRODUCTS_DIR; };
		738153B7F32CBDE99EBFF57A /* Pods_loca_locaUITests.framework */ = {isa = PBXFileReference; explicitFileType = wrapper.framework; includeInIndex = 0; path = Pods_loca_locaUITests.framework; sourceTree = BUILT_PRODUCTS_DIR; };
		8E02CA812449DE03006A4F3B /* SceneDelegate.swift */ = {isa = PBXFileReference; fileEncoding = 4; lastKnownFileType = sourcecode.swift; path = SceneDelegate.swift; sourceTree = "<group>"; };
		8E1AA9E924A9F2DC00D550E5 /* SharedFunctions.swift */ = {isa = PBXFileReference; lastKnownFileType = sourcecode.swift; path = SharedFunctions.swift; sourceTree = "<group>"; };
		8E36650624A0A5940071B72B /* Router.swift */ = {isa = PBXFileReference; fileEncoding = 4; lastKnownFileType = sourcecode.swift; path = Router.swift; sourceTree = "<group>"; };
		8E36650724A0A5940071B72B /* RouterProtocol.swift */ = {isa = PBXFileReference; fileEncoding = 4; lastKnownFileType = sourcecode.swift; path = RouterProtocol.swift; sourceTree = "<group>"; };
		8E7192EB24401C5000DB814A /* loca.app */ = {isa = PBXFileReference; explicitFileType = wrapper.application; includeInIndex = 0; path = loca.app; sourceTree = BUILT_PRODUCTS_DIR; };
		8E7192EE24401C5000DB814A /* AppDelegate.swift */ = {isa = PBXFileReference; lastKnownFileType = sourcecode.swift; path = AppDelegate.swift; sourceTree = "<group>"; };
		8E7192F224401C5000DB814A /* ViewController.swift */ = {isa = PBXFileReference; lastKnownFileType = sourcecode.swift; path = ViewController.swift; sourceTree = "<group>"; };
		8E7192F524401C5000DB814A /* Base */ = {isa = PBXFileReference; lastKnownFileType = file.storyboard; name = Base; path = Base.lproj/Main.storyboard; sourceTree = "<group>"; };
		8E7192F724401C5D00DB814A /* Assets.xcassets */ = {isa = PBXFileReference; lastKnownFileType = folder.assetcatalog; path = Assets.xcassets; sourceTree = "<group>"; };
		8E7192FA24401C5D00DB814A /* Base */ = {isa = PBXFileReference; lastKnownFileType = file.storyboard; name = Base; path = Base.lproj/LaunchScreen.storyboard; sourceTree = "<group>"; };
		8E7192FC24401C5D00DB814A /* Info.plist */ = {isa = PBXFileReference; lastKnownFileType = text.plist.xml; path = Info.plist; sourceTree = "<group>"; };
		8E71930124401C5D00DB814A /* locaTests.xctest */ = {isa = PBXFileReference; explicitFileType = wrapper.cfbundle; includeInIndex = 0; path = locaTests.xctest; sourceTree = BUILT_PRODUCTS_DIR; };
		8E71930524401C5D00DB814A /* locaTests.swift */ = {isa = PBXFileReference; lastKnownFileType = sourcecode.swift; path = locaTests.swift; sourceTree = "<group>"; };
		8E71930724401C5D00DB814A /* Info.plist */ = {isa = PBXFileReference; lastKnownFileType = text.plist.xml; path = Info.plist; sourceTree = "<group>"; };
		8E71930C24401C5D00DB814A /* locaUITests.xctest */ = {isa = PBXFileReference; explicitFileType = wrapper.cfbundle; includeInIndex = 0; path = locaUITests.xctest; sourceTree = BUILT_PRODUCTS_DIR; };
		8E71931024401C5D00DB814A /* locaUITests.swift */ = {isa = PBXFileReference; lastKnownFileType = sourcecode.swift; path = locaUITests.swift; sourceTree = "<group>"; };
		8E71931224401C5D00DB814A /* Info.plist */ = {isa = PBXFileReference; lastKnownFileType = text.plist.xml; path = Info.plist; sourceTree = "<group>"; };
		8E7A513B246981A100A7C716 /* ContactViewController.swift */ = {isa = PBXFileReference; lastKnownFileType = sourcecode.swift; path = ContactViewController.swift; sourceTree = "<group>"; };
		8E7A513D246985C200A7C716 /* UITextViewExtension.swift */ = {isa = PBXFileReference; lastKnownFileType = sourcecode.swift; path = UITextViewExtension.swift; sourceTree = "<group>"; };
		8E807BD2246A7F290002A6AC /* GradientView.swift */ = {isa = PBXFileReference; lastKnownFileType = sourcecode.swift; path = GradientView.swift; sourceTree = "<group>"; };
		8E8629892460276B007A5C07 /* SignUpViewController.swift */ = {isa = PBXFileReference; lastKnownFileType = sourcecode.swift; path = SignUpViewController.swift; sourceTree = "<group>"; };
		8EC2606A2445E88600A1E842 /* Messages.swift */ = {isa = PBXFileReference; lastKnownFileType = sourcecode.swift; path = Messages.swift; sourceTree = "<group>"; };
		8EC361A32461576800F2F3EF /* ApartmentPreviewPhoto.xib */ = {isa = PBXFileReference; lastKnownFileType = file.xib; path = ApartmentPreviewPhoto.xib; sourceTree = "<group>"; };
		8EC361A52461577B00F2F3EF /* ApartmentPhotoPreview.swift */ = {isa = PBXFileReference; lastKnownFileType = sourcecode.swift; path = ApartmentPhotoPreview.swift; sourceTree = "<group>"; };
		8EC361A72461603300F2F3EF /* String+extension.swift */ = {isa = PBXFileReference; fileEncoding = 4; lastKnownFileType = sourcecode.swift; path = "String+extension.swift"; sourceTree = "<group>"; };
		8EC361A92461603A00F2F3EF /* DateFormatter+extension.swift */ = {isa = PBXFileReference; fileEncoding = 4; lastKnownFileType = sourcecode.swift; path = "DateFormatter+extension.swift"; sourceTree = "<group>"; };
		8EC361AB2461604600F2F3EF /* Date+extension.swift */ = {isa = PBXFileReference; fileEncoding = 4; lastKnownFileType = sourcecode.swift; path = "Date+extension.swift"; sourceTree = "<group>"; };
		8ED3C6CB24699A1400A49530 /* HomeNavigationViewController.swift */ = {isa = PBXFileReference; lastKnownFileType = sourcecode.swift; path = HomeNavigationViewController.swift; sourceTree = "<group>"; };
		8EDF5889248F685F0004AC6B /* VerifyPhoneViewController.swift */ = {isa = PBXFileReference; lastKnownFileType = sourcecode.swift; path = VerifyPhoneViewController.swift; sourceTree = "<group>"; };
		8EE37B8D2467BF3B0094CE6B /* UpdateAccountPassViewController.swift */ = {isa = PBXFileReference; lastKnownFileType = sourcecode.swift; path = UpdateAccountPassViewController.swift; sourceTree = "<group>"; };
		8EF804372488EF4700F425E7 /* GoogleSigninViewController.swift */ = {isa = PBXFileReference; lastKnownFileType = sourcecode.swift; path = GoogleSigninViewController.swift; sourceTree = "<group>"; };
		B1E6A166630A348BE0329D25 /* Pods-loca.debug.xcconfig */ = {isa = PBXFileReference; includeInIndex = 1; lastKnownFileType = text.xcconfig; name = "Pods-loca.debug.xcconfig"; path = "Target Support Files/Pods-loca/Pods-loca.debug.xcconfig"; sourceTree = "<group>"; };
		B6D950CF60779FAD1E28C504 /* Pods-loca-locaUITests.release.xcconfig */ = {isa = PBXFileReference; includeInIndex = 1; lastKnownFileType = text.xcconfig; name = "Pods-loca-locaUITests.release.xcconfig"; path = "Target Support Files/Pods-loca-locaUITests/Pods-loca-locaUITests.release.xcconfig"; sourceTree = "<group>"; };
		E71F892B618BB5E2BD1670FD /* Pods-loca-locaUITests.debug.xcconfig */ = {isa = PBXFileReference; includeInIndex = 1; lastKnownFileType = text.xcconfig; name = "Pods-loca-locaUITests.debug.xcconfig"; path = "Target Support Files/Pods-loca-locaUITests/Pods-loca-locaUITests.debug.xcconfig"; sourceTree = "<group>"; };
		E74478F0BBC2F7922F203972 /* Pods-locaTests.debug.xcconfig */ = {isa = PBXFileReference; includeInIndex = 1; lastKnownFileType = text.xcconfig; name = "Pods-locaTests.debug.xcconfig"; path = "Target Support Files/Pods-locaTests/Pods-locaTests.debug.xcconfig"; sourceTree = "<group>"; };
		E80049CF246F8E4600AAD711 /* ListView.swift */ = {isa = PBXFileReference; lastKnownFileType = sourcecode.swift; path = ListView.swift; sourceTree = "<group>"; };
		E8165DFE247E6D0F009666BC /* SocialMediaApiProtocol.swift */ = {isa = PBXFileReference; lastKnownFileType = sourcecode.swift; path = SocialMediaApiProtocol.swift; sourceTree = "<group>"; };
		E8165E01247E7263009666BC /* SocialMediaApiModel.swift */ = {isa = PBXFileReference; lastKnownFileType = sourcecode.swift; path = SocialMediaApiModel.swift; sourceTree = "<group>"; };
		E816E4D0246596D10042BE48 /* PostCreationBasicViewController.swift */ = {isa = PBXFileReference; lastKnownFileType = sourcecode.swift; path = PostCreationBasicViewController.swift; sourceTree = "<group>"; };
		E8315D3E245B00180022D4A7 /* SignIn.xib */ = {isa = PBXFileReference; lastKnownFileType = file.xib; path = SignIn.xib; sourceTree = "<group>"; };
		E8315D43245B0D6E0022D4A7 /* SignInMessage.swift */ = {isa = PBXFileReference; lastKnownFileType = sourcecode.swift; path = SignInMessage.swift; sourceTree = "<group>"; };
		E84FD1C7245D01D400E10507 /* AppConstants.swift */ = {isa = PBXFileReference; lastKnownFileType = sourcecode.swift; path = AppConstants.swift; sourceTree = "<group>"; };
		E84FD1CA245D068600E10507 /* ApartmentApiProtocol.swift */ = {isa = PBXFileReference; lastKnownFileType = sourcecode.swift; path = ApartmentApiProtocol.swift; sourceTree = "<group>"; };
		E84FD1CD245D085A00E10507 /* ApartmentModel.swift */ = {isa = PBXFileReference; lastKnownFileType = sourcecode.swift; path = ApartmentModel.swift; sourceTree = "<group>"; };
		E84FD1D8245D21AA00E10507 /* Apartment.storyboard */ = {isa = PBXFileReference; lastKnownFileType = file.storyboard; path = Apartment.storyboard; sourceTree = "<group>"; };
		E84FD1DB245D21DA00E10507 /* ApartmentDetailViewController.swift */ = {isa = PBXFileReference; lastKnownFileType = sourcecode.swift; path = ApartmentDetailViewController.swift; sourceTree = "<group>"; };
		E84FD1DE245D282E00E10507 /* ApartmentDetail.swift */ = {isa = PBXFileReference; lastKnownFileType = sourcecode.swift; path = ApartmentDetail.swift; sourceTree = "<group>"; };
		E8510EFF245915B4004BE65A /* HomeViewController.swift */ = {isa = PBXFileReference; lastKnownFileType = sourcecode.swift; path = HomeViewController.swift; sourceTree = "<group>"; };
		E8510F03245922F4004BE65A /* AlamofireRequest.swift */ = {isa = PBXFileReference; lastKnownFileType = sourcecode.swift; path = AlamofireRequest.swift; sourceTree = "<group>"; };
		E8510F062459252F004BE65A /* AppConfig.swift */ = {isa = PBXFileReference; lastKnownFileType = sourcecode.swift; path = AppConfig.swift; sourceTree = "<group>"; };
		E8510F0F24592958004BE65A /* AccountApiProtocol .swift */ = {isa = PBXFileReference; lastKnownFileType = sourcecode.swift; path = "AccountApiProtocol .swift"; sourceTree = "<group>"; };
		E8510F1324592B38004BE65A /* AcountModel.swift */ = {isa = PBXFileReference; lastKnownFileType = sourcecode.swift; path = AcountModel.swift; sourceTree = "<group>"; };
		E8539CDA2477BA50005DF65F /* DateTimePicker.swift */ = {isa = PBXFileReference; lastKnownFileType = sourcecode.swift; path = DateTimePicker.swift; sourceTree = "<group>"; };
		E8539CDD2477F2FE005DF65F /* PostManageListViewController.swift */ = {isa = PBXFileReference; lastKnownFileType = sourcecode.swift; path = PostManageListViewController.swift; sourceTree = "<group>"; };
		E85C0893245D601700D8F740 /* APCustomView.xib */ = {isa = PBXFileReference; fileEncoding = 4; lastKnownFileType = file.xib; path = APCustomView.xib; sourceTree = "<group>"; };
		E85C0895245D601B00D8F740 /* APCustomView.swift */ = {isa = PBXFileReference; lastKnownFileType = sourcecode.swift; path = APCustomView.swift; sourceTree = "<group>"; };
		E85C450F245BCA5C0033CB53 /* UIViewExtension.swift */ = {isa = PBXFileReference; lastKnownFileType = sourcecode.swift; path = UIViewExtension.swift; sourceTree = "<group>"; };
		E85C4517245BDD910033CB53 /* TextValidation.swift */ = {isa = PBXFileReference; lastKnownFileType = sourcecode.swift; path = TextValidation.swift; sourceTree = "<group>"; };
		E85DCCE32463AC65009E516D /* ListViewItemCustom.swift */ = {isa = PBXFileReference; fileEncoding = 4; lastKnownFileType = sourcecode.swift; path = ListViewItemCustom.swift; sourceTree = "<group>"; };
		E85DCCE42463AC65009E516D /* ListViewCustom.swift */ = {isa = PBXFileReference; fileEncoding = 4; lastKnownFileType = sourcecode.swift; path = ListViewCustom.swift; sourceTree = "<group>"; };
		E85DCCE52463AC65009E516D /* ListViewItem.xib */ = {isa = PBXFileReference; fileEncoding = 4; lastKnownFileType = file.xib; path = ListViewItem.xib; sourceTree = "<group>"; };
		E85DCCE62463AC65009E516D /* ListViewCustom.xib */ = {isa = PBXFileReference; fileEncoding = 4; lastKnownFileType = file.xib; path = ListViewCustom.xib; sourceTree = "<group>"; };
		E8648EF92462CE7B00C132B8 /* PostCreationCameraViewController.swift */ = {isa = PBXFileReference; lastKnownFileType = sourcecode.swift; path = PostCreationCameraViewController.swift; sourceTree = "<group>"; };
		E8648EFB2462DB6F00C132B8 /* PostCreationAddInfoViewController.swift */ = {isa = PBXFileReference; lastKnownFileType = sourcecode.swift; path = PostCreationAddInfoViewController.swift; sourceTree = "<group>"; };
		E86B068A245DB27D00F5D501 /* CustomIndicator.swift */ = {isa = PBXFileReference; fileEncoding = 4; lastKnownFileType = sourcecode.swift; path = CustomIndicator.swift; sourceTree = "<group>"; };
		E86B68422459B3D700AF6659 /* MangeAccountViewController.swift */ = {isa = PBXFileReference; lastKnownFileType = sourcecode.swift; path = MangeAccountViewController.swift; sourceTree = "<group>"; };
		E870ED5C245EF83E00B9204A /* AccountSettingsTableViewCell.swift */ = {isa = PBXFileReference; lastKnownFileType = sourcecode.swift; path = AccountSettingsTableViewCell.swift; sourceTree = "<group>"; };
		E87E10F424790B4F00307263 /* ApartmentPostList.swift */ = {isa = PBXFileReference; lastKnownFileType = sourcecode.swift; path = ApartmentPostList.swift; sourceTree = "<group>"; };
		E8818B5B24643C40006F8D49 /* PostCreationCameraCollectionViewCell.swift */ = {isa = PBXFileReference; lastKnownFileType = sourcecode.swift; path = PostCreationCameraCollectionViewCell.swift; sourceTree = "<group>"; };
		E894788D245E6D5100BA845E /* FilterViewController.swift */ = {isa = PBXFileReference; lastKnownFileType = sourcecode.swift; path = FilterViewController.swift; sourceTree = "<group>"; };
		E894788F245E70F200BA845E /* DropDownExtension.swift */ = {isa = PBXFileReference; lastKnownFileType = sourcecode.swift; path = DropDownExtension.swift; sourceTree = "<group>"; };
		E8947893245E8B6800BA845E /* ProvinceAPIProtocol.swift */ = {isa = PBXFileReference; lastKnownFileType = sourcecode.swift; path = ProvinceAPIProtocol.swift; sourceTree = "<group>"; };
		E8947895245E971D00BA845E /* UIViewControllerExtension.swift */ = {isa = PBXFileReference; lastKnownFileType = sourcecode.swift; path = UIViewControllerExtension.swift; sourceTree = "<group>"; };
		E8947897245E986800BA845E /* UIColorExtension.swift */ = {isa = PBXFileReference; lastKnownFileType = sourcecode.swift; path = UIColorExtension.swift; sourceTree = "<group>"; };
		E899550A245930E800E65195 /* AlamofireStore.swift */ = {isa = PBXFileReference; lastKnownFileType = sourcecode.swift; path = AlamofireStore.swift; sourceTree = "<group>"; };
		E89D55F12466E67D00917557 /* UpdateAccountNameViewController.swift */ = {isa = PBXFileReference; lastKnownFileType = sourcecode.swift; path = UpdateAccountNameViewController.swift; sourceTree = "<group>"; };
		E89FAD59246D68510020AFAE /* UIImage+extension.swift */ = {isa = PBXFileReference; fileEncoding = 4; lastKnownFileType = sourcecode.swift; path = "UIImage+extension.swift"; sourceTree = "<group>"; };
		E8B74A2A2464451C0093F5C1 /* PosCreationContactViewController.swift */ = {isa = PBXFileReference; lastKnownFileType = sourcecode.swift; path = PosCreationContactViewController.swift; sourceTree = "<group>"; };
		E8C47C842464EDCD0046BB4F /* FloatingTextField.swift */ = {isa = PBXFileReference; lastKnownFileType = sourcecode.swift; path = FloatingTextField.swift; sourceTree = "<group>"; };
		E8C47C862465022C0046BB4F /* TransitionButton.swift */ = {isa = PBXFileReference; lastKnownFileType = sourcecode.swift; path = TransitionButton.swift; sourceTree = "<group>"; };
		E8C59BA024A600E4002F96CC /* ManagePostTableViewCell.swift */ = {isa = PBXFileReference; lastKnownFileType = sourcecode.swift; path = ManagePostTableViewCell.swift; sourceTree = "<group>"; };
		E8C9DA0E246AB0B200BB8E26 /* ForgetPassViewController.swift */ = {isa = PBXFileReference; lastKnownFileType = sourcecode.swift; path = ForgetPassViewController.swift; sourceTree = "<group>"; };
		E8EDDB80246176250099691B /* CreateApartmentPostViewController.swift */ = {isa = PBXFileReference; lastKnownFileType = sourcecode.swift; path = CreateApartmentPostViewController.swift; sourceTree = "<group>"; };
		E8EDDB82246178720099691B /* CreatePostTableViewCell.swift */ = {isa = PBXFileReference; lastKnownFileType = sourcecode.swift; path = CreatePostTableViewCell.swift; sourceTree = "<group>"; };
		E8EDDB8524618E980099691B /* PostCreationMapViewController.swift */ = {isa = PBXFileReference; lastKnownFileType = sourcecode.swift; path = PostCreationMapViewController.swift; sourceTree = "<group>"; };
		E8EDDB87246193790099691B /* ApartmentPost.swift */ = {isa = PBXFileReference; lastKnownFileType = sourcecode.swift; path = ApartmentPost.swift; sourceTree = "<group>"; };
		E8EDDB89246198C90099691B /* PostCreationDesViewController.swift */ = {isa = PBXFileReference; lastKnownFileType = sourcecode.swift; path = PostCreationDesViewController.swift; sourceTree = "<group>"; };
/* End PBXFileReference section */

/* Begin PBXFrameworksBuildPhase section */
		8E7192E824401C5000DB814A /* Frameworks */ = {
			isa = PBXFrameworksBuildPhase;
			buildActionMask = 2147483647;
			files = (
				48542ABA5CEF5C8E06E68954 /* Pods_loca.framework in Frameworks */,
			);
			runOnlyForDeploymentPostprocessing = 0;
		};
		8E7192FE24401C5D00DB814A /* Frameworks */ = {
			isa = PBXFrameworksBuildPhase;
			buildActionMask = 2147483647;
			files = (
				08904C1096BDEBBBE6A04459 /* Pods_locaTests.framework in Frameworks */,
			);
			runOnlyForDeploymentPostprocessing = 0;
		};
		8E71930924401C5D00DB814A /* Frameworks */ = {
			isa = PBXFrameworksBuildPhase;
			buildActionMask = 2147483647;
			files = (
				E31EBBCA5BF0C0966847A0B5 /* Pods_loca_locaUITests.framework in Frameworks */,
			);
			runOnlyForDeploymentPostprocessing = 0;
		};
/* End PBXFrameworksBuildPhase section */

/* Begin PBXGroup section */
		51F65D0EC6D7CB98AB69244A /* Pods */ = {
			isa = PBXGroup;
			children = (
				B1E6A166630A348BE0329D25 /* Pods-loca.debug.xcconfig */,
				0649471F3332863F95C06533 /* Pods-loca.release.xcconfig */,
				E71F892B618BB5E2BD1670FD /* Pods-loca-locaUITests.debug.xcconfig */,
				B6D950CF60779FAD1E28C504 /* Pods-loca-locaUITests.release.xcconfig */,
				E74478F0BBC2F7922F203972 /* Pods-locaTests.debug.xcconfig */,
				17740F70A558A1712E8EB938 /* Pods-locaTests.release.xcconfig */,
			);
			path = Pods;
			sourceTree = "<group>";
		};
		8E7192E224401C5000DB814A = {
			isa = PBXGroup;
			children = (
				8E7192ED24401C5000DB814A /* loca */,
				8E71930424401C5D00DB814A /* locaTests */,
				8E71930F24401C5D00DB814A /* locaUITests */,
				8E7192EC24401C5000DB814A /* Products */,
				51F65D0EC6D7CB98AB69244A /* Pods */,
				AC513076BBDBBE861F037BC8 /* Frameworks */,
			);
			sourceTree = "<group>";
		};
		8E7192EC24401C5000DB814A /* Products */ = {
			isa = PBXGroup;
			children = (
				8E7192EB24401C5000DB814A /* loca.app */,
				8E71930124401C5D00DB814A /* locaTests.xctest */,
				8E71930C24401C5D00DB814A /* locaUITests.xctest */,
			);
			name = Products;
			sourceTree = "<group>";
		};
		8E7192ED24401C5000DB814A /* loca */ = {
			isa = PBXGroup;
			children = (
				E8315D3C245AFFEA0022D4A7 /* Storyboard */,
				E8510F1124592B21004BE65A /* Model */,
				E8510F01245922BE004BE65A /* Data Layer */,
				E8510EF924591559004BE65A /* Controllers */,
				E85C450D245BCA340033CB53 /* Utils */,
				8E7192EE24401C5000DB814A /* AppDelegate.swift */,
				8E02CA812449DE03006A4F3B /* SceneDelegate.swift */,
				8E7192F224401C5000DB814A /* ViewController.swift */,
				8E7192F724401C5D00DB814A /* Assets.xcassets */,
				8E7192F924401C5D00DB814A /* LaunchScreen.storyboard */,
				8E7192FC24401C5D00DB814A /* Info.plist */,
			);
			path = loca;
			sourceTree = "<group>";
		};
		8E71930424401C5D00DB814A /* locaTests */ = {
			isa = PBXGroup;
			children = (
				8E71930524401C5D00DB814A /* locaTests.swift */,
				8E71930724401C5D00DB814A /* Info.plist */,
			);
			path = locaTests;
			sourceTree = "<group>";
		};
		8E71930F24401C5D00DB814A /* locaUITests */ = {
			isa = PBXGroup;
			children = (
				8E71931024401C5D00DB814A /* locaUITests.swift */,
				8E71931224401C5D00DB814A /* Info.plist */,
			);
			path = locaUITests;
			sourceTree = "<group>";
		};
		8EC260692445E86700A1E842 /* Functions */ = {
			isa = PBXGroup;
			children = (
				E86B068A245DB27D00F5D501 /* CustomIndicator.swift */,
				8EC2606A2445E88600A1E842 /* Messages.swift */,
				E8C47C842464EDCD0046BB4F /* FloatingTextField.swift */,
				E8C47C862465022C0046BB4F /* TransitionButton.swift */,
				8E807BD2246A7F290002A6AC /* GradientView.swift */,
				E80049CF246F8E4600AAD711 /* ListView.swift */,
				E8539CDA2477BA50005DF65F /* DateTimePicker.swift */,
				8E1AA9E924A9F2DC00D550E5 /* SharedFunctions.swift */,
			);
			path = Functions;
			sourceTree = "<group>";
		};
		AC513076BBDBBE861F037BC8 /* Frameworks */ = {
			isa = PBXGroup;
			children = (
				3562539F9D37F1EBC9C17C04 /* Pods_loca.framework */,
				738153B7F32CBDE99EBFF57A /* Pods_loca_locaUITests.framework */,
				5AF7294B8E53BB7098C1DCCE /* Pods_locaTests.framework */,
			);
			name = Frameworks;
			sourceTree = "<group>";
		};
		E8165DFD247E6CE0009666BC /* Social Media */ = {
			isa = PBXGroup;
			children = (
				E8165DFE247E6D0F009666BC /* SocialMediaApiProtocol.swift */,
			);
			path = "Social Media";
			sourceTree = "<group>";
		};
		E8165E00247E724F009666BC /* SocialMedia */ = {
			isa = PBXGroup;
			children = (
				E8165E01247E7263009666BC /* SocialMediaApiModel.swift */,
			);
			path = SocialMedia;
			sourceTree = "<group>";
		};
		E8315D3C245AFFEA0022D4A7 /* Storyboard */ = {
			isa = PBXGroup;
			children = (
				E85DCCC9246399BF009E516D /* ListView */,
				E870ED5E245F01FC00B9204A /* Update */,
				E84FD1D2245D182C00E10507 /* ApartmentPreview */,
				E8315D3D245AFFFB0022D4A7 /* SignIn */,
				8E7192F424401C5000DB814A /* Main.storyboard */,
				E84FD1D8245D21AA00E10507 /* Apartment.storyboard */,
			);
			path = Storyboard;
			sourceTree = "<group>";
		};
		E8315D3D245AFFFB0022D4A7 /* SignIn */ = {
			isa = PBXGroup;
			children = (
				E8315D3E245B00180022D4A7 /* SignIn.xib */,
				E8315D43245B0D6E0022D4A7 /* SignInMessage.swift */,
			);
			path = SignIn;
			sourceTree = "<group>";
		};
		E84FD1C9245D066400E10507 /* Apartments */ = {
			isa = PBXGroup;
			children = (
				E84FD1CA245D068600E10507 /* ApartmentApiProtocol.swift */,
			);
			path = Apartments;
			sourceTree = "<group>";
		};
		E84FD1CC245D083800E10507 /* Apartment */ = {
			isa = PBXGroup;
			children = (
				E84FD1CD245D085A00E10507 /* ApartmentModel.swift */,
				E84FD1DE245D282E00E10507 /* ApartmentDetail.swift */,
				E8EDDB87246193790099691B /* ApartmentPost.swift */,
				E87E10F424790B4F00307263 /* ApartmentPostList.swift */,
			);
			path = Apartment;
			sourceTree = "<group>";
		};
		E84FD1D2245D182C00E10507 /* ApartmentPreview */ = {
			isa = PBXGroup;
			children = (
				E85C0895245D601B00D8F740 /* APCustomView.swift */,
				E85C0893245D601700D8F740 /* APCustomView.xib */,
				8EC361A32461576800F2F3EF /* ApartmentPreviewPhoto.xib */,
				8EC361A52461577B00F2F3EF /* ApartmentPhotoPreview.swift */,
			);
			path = ApartmentPreview;
			sourceTree = "<group>";
		};
		E84FD1DA245D21BF00E10507 /* Apartment */ = {
			isa = PBXGroup;
			children = (
				E8539CDC2477F2DB005DF65F /* Post Manage */,
				E8EDDB8424618E760099691B /* PostCreation */,
				E84FD1DB245D21DA00E10507 /* ApartmentDetailViewController.swift */,
				E8EDDB80246176250099691B /* CreateApartmentPostViewController.swift */,
				E8EDDB82246178720099691B /* CreatePostTableViewCell.swift */,
			);
			path = Apartment;
			sourceTree = "<group>";
		};
		E8510EF924591559004BE65A /* Controllers */ = {
			isa = PBXGroup;
			children = (
				E84FD1DA245D21BF00E10507 /* Apartment */,
				E899550C24594F1700E65195 /* Account */,
				E8510EFA24591566004BE65A /* Home */,
			);
			path = Controllers;
			sourceTree = "<group>";
		};
		E8510EFA24591566004BE65A /* Home */ = {
			isa = PBXGroup;
			children = (
				8EDF5889248F685F0004AC6B /* VerifyPhoneViewController.swift */,
				8E8629892460276B007A5C07 /* SignUpViewController.swift */,
				E8510EFF245915B4004BE65A /* HomeViewController.swift */,
				E894788D245E6D5100BA845E /* FilterViewController.swift */,
				8ED3C6CB24699A1400A49530 /* HomeNavigationViewController.swift */,
				E8C9DA0E246AB0B200BB8E26 /* ForgetPassViewController.swift */,
				8EF804372488EF4700F425E7 /* GoogleSigninViewController.swift */,
			);
			path = Home;
			sourceTree = "<group>";
		};
		E8510F01245922BE004BE65A /* Data Layer */ = {
			isa = PBXGroup;
			children = (
				E8510F0924592814004BE65A /* Router */,
				E8510F02245922C6004BE65A /* Alamofire */,
			);
			path = "Data Layer";
			sourceTree = "<group>";
		};
		E8510F02245922C6004BE65A /* Alamofire */ = {
			isa = PBXGroup;
			children = (
				E8165DFD247E6CE0009666BC /* Social Media */,
				E8947891245E8B4F00BA845E /* Provinces */,
				E84FD1C9245D066400E10507 /* Apartments */,
				E8510F0E24592938004BE65A /* Account */,
				E8510F03245922F4004BE65A /* AlamofireRequest.swift */,
				E899550A245930E800E65195 /* AlamofireStore.swift */,
			);
			path = Alamofire;
			sourceTree = "<group>";
		};
		E8510F052459251F004BE65A /* Config */ = {
			isa = PBXGroup;
			children = (
				E8510F062459252F004BE65A /* AppConfig.swift */,
				E84FD1C7245D01D400E10507 /* AppConstants.swift */,
			);
			path = Config;
			sourceTree = "<group>";
		};
		E8510F0924592814004BE65A /* Router */ = {
			isa = PBXGroup;
			children = (
				8E36650624A0A5940071B72B /* Router.swift */,
				8E36650724A0A5940071B72B /* RouterProtocol.swift */,
			);
			path = Router;
			sourceTree = "<group>";
		};
		E8510F0E24592938004BE65A /* Account */ = {
			isa = PBXGroup;
			children = (
				E8510F0F24592958004BE65A /* AccountApiProtocol .swift */,
			);
			path = Account;
			sourceTree = "<group>";
		};
		E8510F1124592B21004BE65A /* Model */ = {
			isa = PBXGroup;
			children = (
				E8165E00247E724F009666BC /* SocialMedia */,
				E84FD1CC245D083800E10507 /* Apartment */,
				E8510F052459251F004BE65A /* Config */,
				E8510F1224592B27004BE65A /* Acount */,
			);
			path = Model;
			sourceTree = "<group>";
		};
		E8510F1224592B27004BE65A /* Acount */ = {
			isa = PBXGroup;
			children = (
				E8510F1324592B38004BE65A /* AcountModel.swift */,
			);
			path = Acount;
			sourceTree = "<group>";
		};
		E8539CDC2477F2DB005DF65F /* Post Manage */ = {
			isa = PBXGroup;
			children = (
				E8539CDD2477F2FE005DF65F /* PostManageListViewController.swift */,
				E8C59BA024A600E4002F96CC /* ManagePostTableViewCell.swift */,
			);
			path = "Post Manage";
			sourceTree = "<group>";
		};
		E85C450D245BCA340033CB53 /* Utils */ = {
			isa = PBXGroup;
			children = (
				E85C4516245BDD800033CB53 /* Validation */,
				E85C450E245BCA480033CB53 /* Extensions */,
				8EC260692445E86700A1E842 /* Functions */,
			);
			path = Utils;
			sourceTree = "<group>";
		};
		E85C450E245BCA480033CB53 /* Extensions */ = {
			isa = PBXGroup;
			children = (
				E89FAD59246D68510020AFAE /* UIImage+extension.swift */,
				8EC361A72461603300F2F3EF /* String+extension.swift */,
				8EC361A92461603A00F2F3EF /* DateFormatter+extension.swift */,
				8EC361AB2461604600F2F3EF /* Date+extension.swift */,
				E85C450F245BCA5C0033CB53 /* UIViewExtension.swift */,
				E894788F245E70F200BA845E /* DropDownExtension.swift */,
				E8947895245E971D00BA845E /* UIViewControllerExtension.swift */,
				E8947897245E986800BA845E /* UIColorExtension.swift */,
				8E7A513D246985C200A7C716 /* UITextViewExtension.swift */,
			);
			path = Extensions;
			sourceTree = "<group>";
		};
		E85C4516245BDD800033CB53 /* Validation */ = {
			isa = PBXGroup;
			children = (
				E85C4517245BDD910033CB53 /* TextValidation.swift */,
			);
			path = Validation;
			sourceTree = "<group>";
		};
		E85DCCC9246399BF009E516D /* ListView */ = {
			isa = PBXGroup;
			children = (
				E85DCCE42463AC65009E516D /* ListViewCustom.swift */,
				E85DCCE62463AC65009E516D /* ListViewCustom.xib */,
				E85DCCE52463AC65009E516D /* ListViewItem.xib */,
				E85DCCE32463AC65009E516D /* ListViewItemCustom.swift */,
			);
			path = ListView;
			sourceTree = "<group>";
		};
		E870ED5E245F01FC00B9204A /* Update */ = {
			isa = PBXGroup;
			children = (
			);
			path = Update;
			sourceTree = "<group>";
		};
		E8818B5A24643C14006F8D49 /* Camera */ = {
			isa = PBXGroup;
			children = (
				E8648EF92462CE7B00C132B8 /* PostCreationCameraViewController.swift */,
				E8818B5B24643C40006F8D49 /* PostCreationCameraCollectionViewCell.swift */,
			);
			path = Camera;
			sourceTree = "<group>";
		};
		E8947891245E8B4F00BA845E /* Provinces */ = {
			isa = PBXGroup;
			children = (
				E8947893245E8B6800BA845E /* ProvinceAPIProtocol.swift */,
			);
			path = Provinces;
			sourceTree = "<group>";
		};
		E899550C24594F1700E65195 /* Account */ = {
			isa = PBXGroup;
			children = (
				E86B68422459B3D700AF6659 /* MangeAccountViewController.swift */,
				E870ED5C245EF83E00B9204A /* AccountSettingsTableViewCell.swift */,
				E89D55F12466E67D00917557 /* UpdateAccountNameViewController.swift */,
				8EE37B8D2467BF3B0094CE6B /* UpdateAccountPassViewController.swift */,
				8E7A513B246981A100A7C716 /* ContactViewController.swift */,
			);
			path = Account;
			sourceTree = "<group>";
		};
		E8EDDB8424618E760099691B /* PostCreation */ = {
			isa = PBXGroup;
			children = (
				E8818B5A24643C14006F8D49 /* Camera */,
				E8EDDB8524618E980099691B /* PostCreationMapViewController.swift */,
				E8EDDB89246198C90099691B /* PostCreationDesViewController.swift */,
				E8648EFB2462DB6F00C132B8 /* PostCreationAddInfoViewController.swift */,
				E8B74A2A2464451C0093F5C1 /* PosCreationContactViewController.swift */,
				E816E4D0246596D10042BE48 /* PostCreationBasicViewController.swift */,
			);
			path = PostCreation;
			sourceTree = "<group>";
		};
/* End PBXGroup section */

/* Begin PBXNativeTarget section */
		8E7192EA24401C5000DB814A /* loca */ = {
			isa = PBXNativeTarget;
			buildConfigurationList = 8E71931524401C5D00DB814A /* Build configuration list for PBXNativeTarget "loca" */;
			buildPhases = (
				4E4CBC89EDDB5CF645009D66 /* [CP] Check Pods Manifest.lock */,
				8E7192E724401C5000DB814A /* Sources */,
				8E7192E824401C5000DB814A /* Frameworks */,
				8E7192E924401C5000DB814A /* Resources */,
				8D1BF4142D644C5BBB08BDD5 /* [CP] Embed Pods Frameworks */,
				042F43DAF1DD9FFCAEF48F0C /* [CP] Copy Pods Resources */,
			);
			buildRules = (
			);
			dependencies = (
			);
			name = loca;
			productName = loca;
			productReference = 8E7192EB24401C5000DB814A /* loca.app */;
			productType = "com.apple.product-type.application";
		};
		8E71930024401C5D00DB814A /* locaTests */ = {
			isa = PBXNativeTarget;
			buildConfigurationList = 8E71931824401C5D00DB814A /* Build configuration list for PBXNativeTarget "locaTests" */;
			buildPhases = (
				7E36BCC1E9DB71F9F788E723 /* [CP] Check Pods Manifest.lock */,
				8E7192FD24401C5D00DB814A /* Sources */,
				8E7192FE24401C5D00DB814A /* Frameworks */,
				8E7192FF24401C5D00DB814A /* Resources */,
			);
			buildRules = (
			);
			dependencies = (
				8E71930324401C5D00DB814A /* PBXTargetDependency */,
			);
			name = locaTests;
			productName = locaTests;
			productReference = 8E71930124401C5D00DB814A /* locaTests.xctest */;
			productType = "com.apple.product-type.bundle.unit-test";
		};
		8E71930B24401C5D00DB814A /* locaUITests */ = {
			isa = PBXNativeTarget;
			buildConfigurationList = 8E71931B24401C5D00DB814A /* Build configuration list for PBXNativeTarget "locaUITests" */;
			buildPhases = (
				989C8E2AEBD231DC7EECE2A2 /* [CP] Check Pods Manifest.lock */,
				8E71930824401C5D00DB814A /* Sources */,
				8E71930924401C5D00DB814A /* Frameworks */,
				8E71930A24401C5D00DB814A /* Resources */,
				52FD867D02B8AEA82A335D17 /* [CP] Embed Pods Frameworks */,
				66AF57200D1B8F2FD556F50B /* [CP] Copy Pods Resources */,
			);
			buildRules = (
			);
			dependencies = (
				8E71930E24401C5D00DB814A /* PBXTargetDependency */,
			);
			name = locaUITests;
			productName = locaUITests;
			productReference = 8E71930C24401C5D00DB814A /* locaUITests.xctest */;
			productType = "com.apple.product-type.bundle.ui-testing";
		};
/* End PBXNativeTarget section */

/* Begin PBXProject section */
		8E7192E324401C5000DB814A /* Project object */ = {
			isa = PBXProject;
			attributes = {
				LastSwiftUpdateCheck = 1120;
				LastUpgradeCheck = 1120;
				ORGANIZATIONNAME = Dalton;
				TargetAttributes = {
					8E7192EA24401C5000DB814A = {
						CreatedOnToolsVersion = 11.2.1;
						LastSwiftMigration = 1120;
					};
					8E71930024401C5D00DB814A = {
						CreatedOnToolsVersion = 11.2.1;
						TestTargetID = 8E7192EA24401C5000DB814A;
					};
					8E71930B24401C5D00DB814A = {
						CreatedOnToolsVersion = 11.2.1;
						TestTargetID = 8E7192EA24401C5000DB814A;
					};
				};
			};
			buildConfigurationList = 8E7192E624401C5000DB814A /* Build configuration list for PBXProject "loca" */;
			compatibilityVersion = "Xcode 9.3";
			developmentRegion = en;
			hasScannedForEncodings = 0;
			knownRegions = (
				en,
				Base,
			);
			mainGroup = 8E7192E224401C5000DB814A;
			productRefGroup = 8E7192EC24401C5000DB814A /* Products */;
			projectDirPath = "";
			projectRoot = "";
			targets = (
				8E7192EA24401C5000DB814A /* loca */,
				8E71930024401C5D00DB814A /* locaTests */,
				8E71930B24401C5D00DB814A /* locaUITests */,
			);
		};
/* End PBXProject section */

/* Begin PBXResourcesBuildPhase section */
		8E7192E924401C5000DB814A /* Resources */ = {
			isa = PBXResourcesBuildPhase;
			buildActionMask = 2147483647;
			files = (
				8E7192FB24401C5D00DB814A /* LaunchScreen.storyboard in Resources */,
				8E7192F824401C5D00DB814A /* Assets.xcassets in Resources */,
				8EC361A42461576900F2F3EF /* ApartmentPreviewPhoto.xib in Resources */,
				E85C0894245D601700D8F740 /* APCustomView.xib in Resources */,
				8E7192F624401C5000DB814A /* Main.storyboard in Resources */,
				E85DCCEA2463AC65009E516D /* ListViewCustom.xib in Resources */,
				E85DCCE92463AC65009E516D /* ListViewItem.xib in Resources */,
				E8315D3F245B00180022D4A7 /* SignIn.xib in Resources */,
				E84FD1D9245D21AA00E10507 /* Apartment.storyboard in Resources */,
			);
			runOnlyForDeploymentPostprocessing = 0;
		};
		8E7192FF24401C5D00DB814A /* Resources */ = {
			isa = PBXResourcesBuildPhase;
			buildActionMask = 2147483647;
			files = (
			);
			runOnlyForDeploymentPostprocessing = 0;
		};
		8E71930A24401C5D00DB814A /* Resources */ = {
			isa = PBXResourcesBuildPhase;
			buildActionMask = 2147483647;
			files = (
			);
			runOnlyForDeploymentPostprocessing = 0;
		};
/* End PBXResourcesBuildPhase section */

/* Begin PBXShellScriptBuildPhase section */
		042F43DAF1DD9FFCAEF48F0C /* [CP] Copy Pods Resources */ = {
			isa = PBXShellScriptBuildPhase;
			buildActionMask = 2147483647;
			files = (
			);
			inputFileListPaths = (
				"${PODS_ROOT}/Target Support Files/Pods-loca/Pods-loca-resources-${CONFIGURATION}-input-files.xcfilelist",
			);
			name = "[CP] Copy Pods Resources";
			outputFileListPaths = (
				"${PODS_ROOT}/Target Support Files/Pods-loca/Pods-loca-resources-${CONFIGURATION}-output-files.xcfilelist",
			);
			runOnlyForDeploymentPostprocessing = 0;
			shellPath = /bin/sh;
			shellScript = "\"${PODS_ROOT}/Target Support Files/Pods-loca/Pods-loca-resources.sh\"\n";
			showEnvVarsInLog = 0;
		};
		4E4CBC89EDDB5CF645009D66 /* [CP] Check Pods Manifest.lock */ = {
			isa = PBXShellScriptBuildPhase;
			buildActionMask = 2147483647;
			files = (
			);
			inputFileListPaths = (
			);
			inputPaths = (
				"${PODS_PODFILE_DIR_PATH}/Podfile.lock",
				"${PODS_ROOT}/Manifest.lock",
			);
			name = "[CP] Check Pods Manifest.lock";
			outputFileListPaths = (
			);
			outputPaths = (
				"$(DERIVED_FILE_DIR)/Pods-loca-checkManifestLockResult.txt",
			);
			runOnlyForDeploymentPostprocessing = 0;
			shellPath = /bin/sh;
			shellScript = "diff \"${PODS_PODFILE_DIR_PATH}/Podfile.lock\" \"${PODS_ROOT}/Manifest.lock\" > /dev/null\nif [ $? != 0 ] ; then\n    # print error to STDERR\n    echo \"error: The sandbox is not in sync with the Podfile.lock. Run 'pod install' or update your CocoaPods installation.\" >&2\n    exit 1\nfi\n# This output is used by Xcode 'outputs' to avoid re-running this script phase.\necho \"SUCCESS\" > \"${SCRIPT_OUTPUT_FILE_0}\"\n";
			showEnvVarsInLog = 0;
		};
		52FD867D02B8AEA82A335D17 /* [CP] Embed Pods Frameworks */ = {
			isa = PBXShellScriptBuildPhase;
			buildActionMask = 2147483647;
			files = (
			);
			inputFileListPaths = (
				"${PODS_ROOT}/Target Support Files/Pods-loca-locaUITests/Pods-loca-locaUITests-frameworks-${CONFIGURATION}-input-files.xcfilelist",
			);
			name = "[CP] Embed Pods Frameworks";
			outputFileListPaths = (
				"${PODS_ROOT}/Target Support Files/Pods-loca-locaUITests/Pods-loca-locaUITests-frameworks-${CONFIGURATION}-output-files.xcfilelist",
			);
			runOnlyForDeploymentPostprocessing = 0;
			shellPath = /bin/sh;
			shellScript = "\"${PODS_ROOT}/Target Support Files/Pods-loca-locaUITests/Pods-loca-locaUITests-frameworks.sh\"\n";
			showEnvVarsInLog = 0;
		};
		66AF57200D1B8F2FD556F50B /* [CP] Copy Pods Resources */ = {
			isa = PBXShellScriptBuildPhase;
			buildActionMask = 2147483647;
			files = (
			);
			inputFileListPaths = (
				"${PODS_ROOT}/Target Support Files/Pods-loca-locaUITests/Pods-loca-locaUITests-resources-${CONFIGURATION}-input-files.xcfilelist",
			);
			name = "[CP] Copy Pods Resources";
			outputFileListPaths = (
				"${PODS_ROOT}/Target Support Files/Pods-loca-locaUITests/Pods-loca-locaUITests-resources-${CONFIGURATION}-output-files.xcfilelist",
			);
			runOnlyForDeploymentPostprocessing = 0;
			shellPath = /bin/sh;
			shellScript = "\"${PODS_ROOT}/Target Support Files/Pods-loca-locaUITests/Pods-loca-locaUITests-resources.sh\"\n";
			showEnvVarsInLog = 0;
		};
		7E36BCC1E9DB71F9F788E723 /* [CP] Check Pods Manifest.lock */ = {
			isa = PBXShellScriptBuildPhase;
			buildActionMask = 2147483647;
			files = (
			);
			inputFileListPaths = (
			);
			inputPaths = (
				"${PODS_PODFILE_DIR_PATH}/Podfile.lock",
				"${PODS_ROOT}/Manifest.lock",
			);
			name = "[CP] Check Pods Manifest.lock";
			outputFileListPaths = (
			);
			outputPaths = (
				"$(DERIVED_FILE_DIR)/Pods-locaTests-checkManifestLockResult.txt",
			);
			runOnlyForDeploymentPostprocessing = 0;
			shellPath = /bin/sh;
			shellScript = "diff \"${PODS_PODFILE_DIR_PATH}/Podfile.lock\" \"${PODS_ROOT}/Manifest.lock\" > /dev/null\nif [ $? != 0 ] ; then\n    # print error to STDERR\n    echo \"error: The sandbox is not in sync with the Podfile.lock. Run 'pod install' or update your CocoaPods installation.\" >&2\n    exit 1\nfi\n# This output is used by Xcode 'outputs' to avoid re-running this script phase.\necho \"SUCCESS\" > \"${SCRIPT_OUTPUT_FILE_0}\"\n";
			showEnvVarsInLog = 0;
		};
		8D1BF4142D644C5BBB08BDD5 /* [CP] Embed Pods Frameworks */ = {
			isa = PBXShellScriptBuildPhase;
			buildActionMask = 2147483647;
			files = (
			);
			inputFileListPaths = (
				"${PODS_ROOT}/Target Support Files/Pods-loca/Pods-loca-frameworks-${CONFIGURATION}-input-files.xcfilelist",
			);
			name = "[CP] Embed Pods Frameworks";
			outputFileListPaths = (
				"${PODS_ROOT}/Target Support Files/Pods-loca/Pods-loca-frameworks-${CONFIGURATION}-output-files.xcfilelist",
			);
			runOnlyForDeploymentPostprocessing = 0;
			shellPath = /bin/sh;
			shellScript = "\"${PODS_ROOT}/Target Support Files/Pods-loca/Pods-loca-frameworks.sh\"\n";
			showEnvVarsInLog = 0;
		};
		989C8E2AEBD231DC7EECE2A2 /* [CP] Check Pods Manifest.lock */ = {
			isa = PBXShellScriptBuildPhase;
			buildActionMask = 2147483647;
			files = (
			);
			inputFileListPaths = (
			);
			inputPaths = (
				"${PODS_PODFILE_DIR_PATH}/Podfile.lock",
				"${PODS_ROOT}/Manifest.lock",
			);
			name = "[CP] Check Pods Manifest.lock";
			outputFileListPaths = (
			);
			outputPaths = (
				"$(DERIVED_FILE_DIR)/Pods-loca-locaUITests-checkManifestLockResult.txt",
			);
			runOnlyForDeploymentPostprocessing = 0;
			shellPath = /bin/sh;
			shellScript = "diff \"${PODS_PODFILE_DIR_PATH}/Podfile.lock\" \"${PODS_ROOT}/Manifest.lock\" > /dev/null\nif [ $? != 0 ] ; then\n    # print error to STDERR\n    echo \"error: The sandbox is not in sync with the Podfile.lock. Run 'pod install' or update your CocoaPods installation.\" >&2\n    exit 1\nfi\n# This output is used by Xcode 'outputs' to avoid re-running this script phase.\necho \"SUCCESS\" > \"${SCRIPT_OUTPUT_FILE_0}\"\n";
			showEnvVarsInLog = 0;
		};
/* End PBXShellScriptBuildPhase section */

/* Begin PBXSourcesBuildPhase section */
		8E7192E724401C5000DB814A /* Sources */ = {
			isa = PBXSourcesBuildPhase;
			buildActionMask = 2147483647;
			files = (
				E8947890245E70F200BA845E /* DropDownExtension.swift in Sources */,
				8EC361AC2461604700F2F3EF /* Date+extension.swift in Sources */,
				8E36650924A0A5940071B72B /* RouterProtocol.swift in Sources */,
				E84FD1C8245D01D400E10507 /* AppConstants.swift in Sources */,
				E8EDDB83246178720099691B /* CreatePostTableViewCell.swift in Sources */,
				E85DCCE72463AC65009E516D /* ListViewItemCustom.swift in Sources */,
				E8EDDB8624618E980099691B /* PostCreationMapViewController.swift in Sources */,
				E8818B5C24643C40006F8D49 /* PostCreationCameraCollectionViewCell.swift in Sources */,
				E84FD1CB245D068600E10507 /* ApartmentApiProtocol.swift in Sources */,
				E8EDDB88246193790099691B /* ApartmentPost.swift in Sources */,
				E8B74A2B2464451C0093F5C1 /* PosCreationContactViewController.swift in Sources */,
				E86B68432459B3D700AF6659 /* MangeAccountViewController.swift in Sources */,
				E84FD1DC245D21DA00E10507 /* ApartmentDetailViewController.swift in Sources */,
				E8EDDB8A246198C90099691B /* PostCreationDesViewController.swift in Sources */,
				8EC361AA2461603A00F2F3EF /* DateFormatter+extension.swift in Sources */,
				E8165DFF247E6D0F009666BC /* SocialMediaApiProtocol.swift in Sources */,
				8ED3C6CC24699A1500A49530 /* HomeNavigationViewController.swift in Sources */,
				E8510F1424592B38004BE65A /* AcountModel.swift in Sources */,
				8E86298A2460276B007A5C07 /* SignUpViewController.swift in Sources */,
				E8510F04245922F4004BE65A /* AlamofireRequest.swift in Sources */,
				E85C4510245BCA5C0033CB53 /* UIViewExtension.swift in Sources */,
				E8510F00245915B4004BE65A /* HomeViewController.swift in Sources */,
				E8EDDB81246176250099691B /* CreateApartmentPostViewController.swift in Sources */,
				E85C0896245D601B00D8F740 /* APCustomView.swift in Sources */,
				E8947894245E8B6800BA845E /* ProvinceAPIProtocol.swift in Sources */,
				E816E4D1246596D10042BE48 /* PostCreationBasicViewController.swift in Sources */,
				E85DCCE82463AC65009E516D /* ListViewCustom.swift in Sources */,
				E8947896245E971D00BA845E /* UIViewControllerExtension.swift in Sources */,
				E87E10F524790B4F00307263 /* ApartmentPostList.swift in Sources */,
				E84FD1CE245D085A00E10507 /* ApartmentModel.swift in Sources */,
				E8947898245E986800BA845E /* UIColorExtension.swift in Sources */,
				E8648EFC2462DB6F00C132B8 /* PostCreationAddInfoViewController.swift in Sources */,
				8E36650824A0A5940071B72B /* Router.swift in Sources */,
				E8C47C852464EDCD0046BB4F /* FloatingTextField.swift in Sources */,
				E8539CDE2477F2FE005DF65F /* PostManageListViewController.swift in Sources */,
				8EF804382488EF4700F425E7 /* GoogleSigninViewController.swift in Sources */,
				E8539CDB2477BA50005DF65F /* DateTimePicker.swift in Sources */,
				E89FAD5A246D68510020AFAE /* UIImage+extension.swift in Sources */,
				E89D55F22466E67D00917557 /* UpdateAccountNameViewController.swift in Sources */,
				E85C4518245BDD910033CB53 /* TextValidation.swift in Sources */,
				8EDF588A248F685F0004AC6B /* VerifyPhoneViewController.swift in Sources */,
				8E7192F324401C5000DB814A /* ViewController.swift in Sources */,
				E8C47C872465022C0046BB4F /* TransitionButton.swift in Sources */,
				E8510F072459252F004BE65A /* AppConfig.swift in Sources */,
				E8C9DA0F246AB0B200BB8E26 /* ForgetPassViewController.swift in Sources */,
				8EC361A82461603400F2F3EF /* String+extension.swift in Sources */,
				8EC2606B2445E88600A1E842 /* Messages.swift in Sources */,
				E870ED5D245EF83E00B9204A /* AccountSettingsTableViewCell.swift in Sources */,
				E8648EFA2462CE7B00C132B8 /* PostCreationCameraViewController.swift in Sources */,
				E8315D44245B0D6E0022D4A7 /* SignInMessage.swift in Sources */,
				E86B068B245DB27D00F5D501 /* CustomIndicator.swift in Sources */,
				E894788E245E6D5100BA845E /* FilterViewController.swift in Sources */,
				8E807BD3246A7F290002A6AC /* GradientView.swift in Sources */,
				8E7A513C246981A100A7C716 /* ContactViewController.swift in Sources */,
				8EC361A62461577B00F2F3EF /* ApartmentPhotoPreview.swift in Sources */,
				E899550B245930E800E65195 /* AlamofireStore.swift in Sources */,
				E8510F1024592958004BE65A /* AccountApiProtocol .swift in Sources */,
				8E7192EF24401C5000DB814A /* AppDelegate.swift in Sources */,
				8E02CA822449DE03006A4F3B /* SceneDelegate.swift in Sources */,
				E80049D0246F8E4600AAD711 /* ListView.swift in Sources */,
				E8165E02247E7263009666BC /* SocialMediaApiModel.swift in Sources */,
				8E7A513E246985C200A7C716 /* UITextViewExtension.swift in Sources */,
				8E1AA9EA24A9F2DC00D550E5 /* SharedFunctions.swift in Sources */,
				E8C59BA124A600E4002F96CC /* ManagePostTableViewCell.swift in Sources */,
				8EE37B8E2467BF3B0094CE6B /* UpdateAccountPassViewController.swift in Sources */,
				E84FD1DF245D282E00E10507 /* ApartmentDetail.swift in Sources */,
			);
			runOnlyForDeploymentPostprocessing = 0;
		};
		8E7192FD24401C5D00DB814A /* Sources */ = {
			isa = PBXSourcesBuildPhase;
			buildActionMask = 2147483647;
			files = (
				8E71930624401C5D00DB814A /* locaTests.swift in Sources */,
			);
			runOnlyForDeploymentPostprocessing = 0;
		};
		8E71930824401C5D00DB814A /* Sources */ = {
			isa = PBXSourcesBuildPhase;
			buildActionMask = 2147483647;
			files = (
				8E71931124401C5D00DB814A /* locaUITests.swift in Sources */,
			);
			runOnlyForDeploymentPostprocessing = 0;
		};
/* End PBXSourcesBuildPhase section */

/* Begin PBXTargetDependency section */
		8E71930324401C5D00DB814A /* PBXTargetDependency */ = {
			isa = PBXTargetDependency;
			target = 8E7192EA24401C5000DB814A /* loca */;
			targetProxy = 8E71930224401C5D00DB814A /* PBXContainerItemProxy */;
		};
		8E71930E24401C5D00DB814A /* PBXTargetDependency */ = {
			isa = PBXTargetDependency;
			target = 8E7192EA24401C5000DB814A /* loca */;
			targetProxy = 8E71930D24401C5D00DB814A /* PBXContainerItemProxy */;
		};
/* End PBXTargetDependency section */

/* Begin PBXVariantGroup section */
		8E7192F424401C5000DB814A /* Main.storyboard */ = {
			isa = PBXVariantGroup;
			children = (
				8E7192F524401C5000DB814A /* Base */,
			);
			name = Main.storyboard;
			sourceTree = "<group>";
		};
		8E7192F924401C5D00DB814A /* LaunchScreen.storyboard */ = {
			isa = PBXVariantGroup;
			children = (
				8E7192FA24401C5D00DB814A /* Base */,
			);
			name = LaunchScreen.storyboard;
			sourceTree = "<group>";
		};
/* End PBXVariantGroup section */

/* Begin XCBuildConfiguration section */
		8E71931324401C5D00DB814A /* Debug */ = {
			isa = XCBuildConfiguration;
			buildSettings = {
				ALWAYS_SEARCH_USER_PATHS = NO;
				CLANG_ANALYZER_NONNULL = YES;
				CLANG_ANALYZER_NUMBER_OBJECT_CONVERSION = YES_AGGRESSIVE;
				CLANG_CXX_LANGUAGE_STANDARD = "gnu++14";
				CLANG_CXX_LIBRARY = "libc++";
				CLANG_ENABLE_MODULES = YES;
				CLANG_ENABLE_OBJC_ARC = YES;
				CLANG_ENABLE_OBJC_WEAK = YES;
				CLANG_WARN_BLOCK_CAPTURE_AUTORELEASING = YES;
				CLANG_WARN_BOOL_CONVERSION = YES;
				CLANG_WARN_COMMA = YES;
				CLANG_WARN_CONSTANT_CONVERSION = YES;
				CLANG_WARN_DEPRECATED_OBJC_IMPLEMENTATIONS = YES;
				CLANG_WARN_DIRECT_OBJC_ISA_USAGE = YES_ERROR;
				CLANG_WARN_DOCUMENTATION_COMMENTS = YES;
				CLANG_WARN_EMPTY_BODY = YES;
				CLANG_WARN_ENUM_CONVERSION = YES;
				CLANG_WARN_INFINITE_RECURSION = YES;
				CLANG_WARN_INT_CONVERSION = YES;
				CLANG_WARN_NON_LITERAL_NULL_CONVERSION = YES;
				CLANG_WARN_OBJC_IMPLICIT_RETAIN_SELF = YES;
				CLANG_WARN_OBJC_LITERAL_CONVERSION = YES;
				CLANG_WARN_OBJC_ROOT_CLASS = YES_ERROR;
				CLANG_WARN_RANGE_LOOP_ANALYSIS = YES;
				CLANG_WARN_STRICT_PROTOTYPES = YES;
				CLANG_WARN_SUSPICIOUS_MOVE = YES;
				CLANG_WARN_UNGUARDED_AVAILABILITY = YES_AGGRESSIVE;
				CLANG_WARN_UNREACHABLE_CODE = YES;
				CLANG_WARN__DUPLICATE_METHOD_MATCH = YES;
				COPY_PHASE_STRIP = NO;
				DEBUG_INFORMATION_FORMAT = dwarf;
				ENABLE_STRICT_OBJC_MSGSEND = YES;
				ENABLE_TESTABILITY = YES;
				GCC_C_LANGUAGE_STANDARD = gnu11;
				GCC_DYNAMIC_NO_PIC = NO;
				GCC_NO_COMMON_BLOCKS = YES;
				GCC_OPTIMIZATION_LEVEL = 0;
				GCC_PREPROCESSOR_DEFINITIONS = (
					"DEBUG=1",
					"$(inherited)",
				);
				GCC_WARN_64_TO_32_BIT_CONVERSION = YES;
				GCC_WARN_ABOUT_RETURN_TYPE = YES_ERROR;
				GCC_WARN_UNDECLARED_SELECTOR = YES;
				GCC_WARN_UNINITIALIZED_AUTOS = YES_AGGRESSIVE;
				GCC_WARN_UNUSED_FUNCTION = YES;
				GCC_WARN_UNUSED_VARIABLE = YES;
				IPHONEOS_DEPLOYMENT_TARGET = 12.4;
				MTL_ENABLE_DEBUG_INFO = INCLUDE_SOURCE;
				MTL_FAST_MATH = YES;
				ONLY_ACTIVE_ARCH = YES;
				SDKROOT = iphoneos;
				SWIFT_ACTIVE_COMPILATION_CONDITIONS = DEBUG;
				SWIFT_OPTIMIZATION_LEVEL = "-Onone";
			};
			name = Debug;
		};
		8E71931424401C5D00DB814A /* Release */ = {
			isa = XCBuildConfiguration;
			buildSettings = {
				ALWAYS_SEARCH_USER_PATHS = NO;
				CLANG_ANALYZER_NONNULL = YES;
				CLANG_ANALYZER_NUMBER_OBJECT_CONVERSION = YES_AGGRESSIVE;
				CLANG_CXX_LANGUAGE_STANDARD = "gnu++14";
				CLANG_CXX_LIBRARY = "libc++";
				CLANG_ENABLE_MODULES = YES;
				CLANG_ENABLE_OBJC_ARC = YES;
				CLANG_ENABLE_OBJC_WEAK = YES;
				CLANG_WARN_BLOCK_CAPTURE_AUTORELEASING = YES;
				CLANG_WARN_BOOL_CONVERSION = YES;
				CLANG_WARN_COMMA = YES;
				CLANG_WARN_CONSTANT_CONVERSION = YES;
				CLANG_WARN_DEPRECATED_OBJC_IMPLEMENTATIONS = YES;
				CLANG_WARN_DIRECT_OBJC_ISA_USAGE = YES_ERROR;
				CLANG_WARN_DOCUMENTATION_COMMENTS = YES;
				CLANG_WARN_EMPTY_BODY = YES;
				CLANG_WARN_ENUM_CONVERSION = YES;
				CLANG_WARN_INFINITE_RECURSION = YES;
				CLANG_WARN_INT_CONVERSION = YES;
				CLANG_WARN_NON_LITERAL_NULL_CONVERSION = YES;
				CLANG_WARN_OBJC_IMPLICIT_RETAIN_SELF = YES;
				CLANG_WARN_OBJC_LITERAL_CONVERSION = YES;
				CLANG_WARN_OBJC_ROOT_CLASS = YES_ERROR;
				CLANG_WARN_RANGE_LOOP_ANALYSIS = YES;
				CLANG_WARN_STRICT_PROTOTYPES = YES;
				CLANG_WARN_SUSPICIOUS_MOVE = YES;
				CLANG_WARN_UNGUARDED_AVAILABILITY = YES_AGGRESSIVE;
				CLANG_WARN_UNREACHABLE_CODE = YES;
				CLANG_WARN__DUPLICATE_METHOD_MATCH = YES;
				COPY_PHASE_STRIP = NO;
				DEBUG_INFORMATION_FORMAT = "dwarf-with-dsym";
				ENABLE_NS_ASSERTIONS = NO;
				ENABLE_STRICT_OBJC_MSGSEND = YES;
				GCC_C_LANGUAGE_STANDARD = gnu11;
				GCC_NO_COMMON_BLOCKS = YES;
				GCC_WARN_64_TO_32_BIT_CONVERSION = YES;
				GCC_WARN_ABOUT_RETURN_TYPE = YES_ERROR;
				GCC_WARN_UNDECLARED_SELECTOR = YES;
				GCC_WARN_UNINITIALIZED_AUTOS = YES_AGGRESSIVE;
				GCC_WARN_UNUSED_FUNCTION = YES;
				GCC_WARN_UNUSED_VARIABLE = YES;
				IPHONEOS_DEPLOYMENT_TARGET = 12.4;
				MTL_ENABLE_DEBUG_INFO = NO;
				MTL_FAST_MATH = YES;
				SDKROOT = iphoneos;
				SWIFT_COMPILATION_MODE = wholemodule;
				SWIFT_OPTIMIZATION_LEVEL = "-O";
				VALIDATE_PRODUCT = YES;
			};
			name = Release;
		};
		8E71931624401C5D00DB814A /* Debug */ = {
			isa = XCBuildConfiguration;
			baseConfigurationReference = B1E6A166630A348BE0329D25 /* Pods-loca.debug.xcconfig */;
			buildSettings = {
				ASSETCATALOG_COMPILER_APPICON_NAME = AppIcon;
				CLANG_ENABLE_MODULES = YES;
				CODE_SIGN_STYLE = Automatic;
				DEVELOPMENT_TEAM = AFGW448WN5;
				INFOPLIST_FILE = loca/Info.plist;
				LD_RUNPATH_SEARCH_PATHS = (
					"$(inherited)",
					"@executable_path/Frameworks",
				);
				PRODUCT_BUNDLE_IDENTIFIER = com.localoca.estate.tonnguyen;
				PRODUCT_NAME = "$(TARGET_NAME)";
				SWIFT_OBJC_BRIDGING_HEADER = "";
				SWIFT_OPTIMIZATION_LEVEL = "-Onone";
				SWIFT_VERSION = 5.0;
				TARGETED_DEVICE_FAMILY = "1,2";
			};
			name = Debug;
		};
		8E71931724401C5D00DB814A /* Release */ = {
			isa = XCBuildConfiguration;
			baseConfigurationReference = 0649471F3332863F95C06533 /* Pods-loca.release.xcconfig */;
			buildSettings = {
				ASSETCATALOG_COMPILER_APPICON_NAME = AppIcon;
				CLANG_ENABLE_MODULES = YES;
				CODE_SIGN_STYLE = Automatic;
				DEVELOPMENT_TEAM = AFGW448WN5;
				INFOPLIST_FILE = loca/Info.plist;
				LD_RUNPATH_SEARCH_PATHS = (
					"$(inherited)",
					"@executable_path/Frameworks",
				);
				PRODUCT_BUNDLE_IDENTIFIER = com.localoca.estate.tonnguyen;
				PRODUCT_NAME = "$(TARGET_NAME)";
				SWIFT_OBJC_BRIDGING_HEADER = "";
				SWIFT_VERSION = 5.0;
				TARGETED_DEVICE_FAMILY = "1,2";
			};
			name = Release;
		};
		8E71931924401C5D00DB814A /* Debug */ = {
			isa = XCBuildConfiguration;
			baseConfigurationReference = E74478F0BBC2F7922F203972 /* Pods-locaTests.debug.xcconfig */;
			buildSettings = {
				ALWAYS_EMBED_SWIFT_STANDARD_LIBRARIES = YES;
				BUNDLE_LOADER = "$(TEST_HOST)";
				CODE_SIGN_STYLE = Automatic;
				DEVELOPMENT_TEAM = VL9W949V2N;
				INFOPLIST_FILE = locaTests/Info.plist;
				IPHONEOS_DEPLOYMENT_TARGET = 13.2;
				LD_RUNPATH_SEARCH_PATHS = (
					"$(inherited)",
					"@executable_path/Frameworks",
					"@loader_path/Frameworks",
				);
				PRODUCT_BUNDLE_IDENTIFIER = Dalton.locaTests;
				PRODUCT_NAME = "$(TARGET_NAME)";
				SWIFT_VERSION = 5.0;
				TARGETED_DEVICE_FAMILY = "1,2";
				TEST_HOST = "$(BUILT_PRODUCTS_DIR)/loca.app/loca";
			};
			name = Debug;
		};
		8E71931A24401C5D00DB814A /* Release */ = {
			isa = XCBuildConfiguration;
			baseConfigurationReference = 17740F70A558A1712E8EB938 /* Pods-locaTests.release.xcconfig */;
			buildSettings = {
				ALWAYS_EMBED_SWIFT_STANDARD_LIBRARIES = YES;
				BUNDLE_LOADER = "$(TEST_HOST)";
				CODE_SIGN_STYLE = Automatic;
				DEVELOPMENT_TEAM = VL9W949V2N;
				INFOPLIST_FILE = locaTests/Info.plist;
				IPHONEOS_DEPLOYMENT_TARGET = 13.2;
				LD_RUNPATH_SEARCH_PATHS = (
					"$(inherited)",
					"@executable_path/Frameworks",
					"@loader_path/Frameworks",
				);
				PRODUCT_BUNDLE_IDENTIFIER = Dalton.locaTests;
				PRODUCT_NAME = "$(TARGET_NAME)";
				SWIFT_VERSION = 5.0;
				TARGETED_DEVICE_FAMILY = "1,2";
				TEST_HOST = "$(BUILT_PRODUCTS_DIR)/loca.app/loca";
			};
			name = Release;
		};
		8E71931C24401C5D00DB814A /* Debug */ = {
			isa = XCBuildConfiguration;
			baseConfigurationReference = E71F892B618BB5E2BD1670FD /* Pods-loca-locaUITests.debug.xcconfig */;
			buildSettings = {
				ALWAYS_EMBED_SWIFT_STANDARD_LIBRARIES = YES;
				CODE_SIGN_STYLE = Automatic;
				DEVELOPMENT_TEAM = VL9W949V2N;
				INFOPLIST_FILE = locaUITests/Info.plist;
				LD_RUNPATH_SEARCH_PATHS = (
					"$(inherited)",
					"@executable_path/Frameworks",
					"@loader_path/Frameworks",
				);
				PRODUCT_BUNDLE_IDENTIFIER = Dalton.locaUITests;
				PRODUCT_NAME = "$(TARGET_NAME)";
				SWIFT_VERSION = 5.0;
				TARGETED_DEVICE_FAMILY = "1,2";
				TEST_TARGET_NAME = loca;
			};
			name = Debug;
		};
		8E71931D24401C5D00DB814A /* Release */ = {
			isa = XCBuildConfiguration;
			baseConfigurationReference = B6D950CF60779FAD1E28C504 /* Pods-loca-locaUITests.release.xcconfig */;
			buildSettings = {
				ALWAYS_EMBED_SWIFT_STANDARD_LIBRARIES = YES;
				CODE_SIGN_STYLE = Automatic;
				DEVELOPMENT_TEAM = VL9W949V2N;
				INFOPLIST_FILE = locaUITests/Info.plist;
				LD_RUNPATH_SEARCH_PATHS = (
					"$(inherited)",
					"@executable_path/Frameworks",
					"@loader_path/Frameworks",
				);
				PRODUCT_BUNDLE_IDENTIFIER = Dalton.locaUITests;
				PRODUCT_NAME = "$(TARGET_NAME)";
				SWIFT_VERSION = 5.0;
				TARGETED_DEVICE_FAMILY = "1,2";
				TEST_TARGET_NAME = loca;
			};
			name = Release;
		};
/* End XCBuildConfiguration section */

/* Begin XCConfigurationList section */
		8E7192E624401C5000DB814A /* Build configuration list for PBXProject "loca" */ = {
			isa = XCConfigurationList;
			buildConfigurations = (
				8E71931324401C5D00DB814A /* Debug */,
				8E71931424401C5D00DB814A /* Release */,
			);
			defaultConfigurationIsVisible = 0;
			defaultConfigurationName = Release;
		};
		8E71931524401C5D00DB814A /* Build configuration list for PBXNativeTarget "loca" */ = {
			isa = XCConfigurationList;
			buildConfigurations = (
				8E71931624401C5D00DB814A /* Debug */,
				8E71931724401C5D00DB814A /* Release */,
			);
			defaultConfigurationIsVisible = 0;
			defaultConfigurationName = Release;
		};
		8E71931824401C5D00DB814A /* Build configuration list for PBXNativeTarget "locaTests" */ = {
			isa = XCConfigurationList;
			buildConfigurations = (
				8E71931924401C5D00DB814A /* Debug */,
				8E71931A24401C5D00DB814A /* Release */,
			);
			defaultConfigurationIsVisible = 0;
			defaultConfigurationName = Release;
		};
		8E71931B24401C5D00DB814A /* Build configuration list for PBXNativeTarget "locaUITests" */ = {
			isa = XCConfigurationList;
			buildConfigurations = (
				8E71931C24401C5D00DB814A /* Debug */,
				8E71931D24401C5D00DB814A /* Release */,
			);
			defaultConfigurationIsVisible = 0;
			defaultConfigurationName = Release;
		};
/* End XCConfigurationList section */
	};
	rootObject = 8E7192E324401C5000DB814A /* Project object */;
}
